# This file is automatically @generated by Cargo.
# It is not intended for manual editing.
version = 4

[[package]]
name = "dyn-any"
version = "0.3.1"
source = "registry+https://github.com/rust-lang/crates.io-index"
checksum = "b40ae707838b3e3f687b13f61e06cdcdc19f41f5cdfc8cfacc94bb7b8112f295"
dependencies = [
 "glam",
]

[[package]]
name = "glam"
version = "0.22.0"
source = "registry+https://github.com/rust-lang/crates.io-index"
checksum = "12f597d56c1bd55a811a1be189459e8fad2bbc272616375602443bdfb37fa774"

[[package]]
name = "railways-core"
version = "0.1.0"
dependencies = [
 "dyn-any",
]
